
Microsoft Visual Studio Solution File, Format Version 12.00
# Visual Studio Version 17
VisualStudioVersion = 17.14.36603.0 d17.14
MinimumVisualStudioVersion = 10.0.40219.1
Project("{FAE04EC0-301F-11D3-BF4B-00C04F79EFBC}") = "Attendance System", "Attendance System.csproj", "{40D864B0-CB34-421B-8729-DD801246785C}"
EndProject
Global
	GlobalSection(SolutionConfigurationPlatforms) = preSolution
		Debug|Any CPU = Debug|Any CPU
		Release|Any CPU = Release|Any CPU
	EndGlobalSection
	GlobalSection(ProjectConfigurationPlatforms) = postSolution
		{40D864B0-CB34-421B-8729-DD801246785C}.Debug|Any CPU.ActiveCfg = Debug|Any CPU
		{40D864B0-CB34-421B-8729-DD801246785C}.Debug|Any CPU.Build.0 = Debug|Any CPU
		{40D864B0-CB34-421B-8729-DD801246785C}.Release|Any CPU.ActiveCfg = Release|Any CPU
		{40D864B0-CB34-421B-8729-DD801246785C}.Release|Any CPU.Build.0 = Release|Any CPU
	EndGlobalSection
	GlobalSection(SolutionProperties) = preSolution
		HideSolutionNode = FALSE
	EndGlobalSection
	GlobalSection(ExtensibilityGlobals) = postSolution
		SolutionGuid = {7BF6CA7C-1E7F-4607-9EF4-3232DEBD29CD}
	EndGlobalSection
EndGlobal
